
Microsoft Visual Studio Solution File, Format Version 12.00
# Visual Studio 15
VisualStudioVersion = 15.0.27428.2027
MinimumVisualStudioVersion = 10.0.40219.1
Project("{9A19103F-16F7-4668-BE54-9A1E7A4F7556}") = "Iterator", "Iterator\Iterator.csproj", "{FB28BC9A-3FA2-41C1-9C83-E8FC85133959}"
EndProject
Project("{9A19103F-16F7-4668-BE54-9A1E7A4F7556}") = "IteratorTests", "IteratorTests\IteratorTests.csproj", "{790E05DF-4602-4CEB-8D73-54608E048B06}"
EndProject
Global
	GlobalSection(SolutionConfigurationPlatforms) = preSolution
		Debug|Any CPU = Debug|Any CPU
		Release|Any CPU = Release|Any CPU
	EndGlobalSection
	GlobalSection(ProjectConfigurationPlatforms) = postSolution
		{FB28BC9A-3FA2-41C1-9C83-E8FC85133959}.Debug|Any CPU.ActiveCfg = Debug|Any CPU
		{FB28BC9A-3FA2-41C1-9C83-E8FC85133959}.Debug|Any CPU.Build.0 = Debug|Any CPU
		{FB28BC9A-3FA2-41C1-9C83-E8FC85133959}.Release|Any CPU.ActiveCfg = Release|Any CPU
		{FB28BC9A-3FA2-41C1-9C83-E8FC85133959}.Release|Any CPU.Build.0 = Release|Any CPU
		{790E05DF-4602-4CEB-8D73-54608E048B06}.Debug|Any CPU.ActiveCfg = Debug|Any CPU
		{790E05DF-4602-4CEB-8D73-54608E048B06}.Debug|Any CPU.Build.0 = Debug|Any CPU
		{790E05DF-4602-4CEB-8D73-54608E048B06}.Release|Any CPU.ActiveCfg = Release|Any CPU
		{790E05DF-4602-4CEB-8D73-54608E048B06}.Release|Any CPU.Build.0 = Release|Any CPU
	EndGlobalSection
	GlobalSection(SolutionProperties) = preSolution
		HideSolutionNode = FALSE
	EndGlobalSection
	GlobalSection(ExtensibilityGlobals) = postSolution
		SolutionGuid = {1F9D2DE2-F45D-4017-9B61-C82F04E582EC}
	EndGlobalSection
EndGlobal
