
Microsoft Visual Studio Solution File, Format Version 12.00
# Visual Studio 15
VisualStudioVersion = 15.0.27004.2006
MinimumVisualStudioVersion = 10.0.40219.1
Project("{FAE04EC0-301F-11D3-BF4B-00C04F79EFBC}") = "Database", "Database\Database.csproj", "{1F322BF8-CB65-4447-9313-C15F9B81A357}"
EndProject
Project("{FAE04EC0-301F-11D3-BF4B-00C04F79EFBC}") = "DatabaseTests", "DatabaseTests\DatabaseTests.csproj", "{2E1C7AE5-3FA8-49BC-9BFC-83BEF7B27699}"
EndProject
Global
	GlobalSection(SolutionConfigurationPlatforms) = preSolution
		Debug|Any CPU = Debug|Any CPU
		Release|Any CPU = Release|Any CPU
	EndGlobalSection
	GlobalSection(ProjectConfigurationPlatforms) = postSolution
		{1F322BF8-CB65-4447-9313-C15F9B81A357}.Debug|Any CPU.ActiveCfg = Debug|Any CPU
		{1F322BF8-CB65-4447-9313-C15F9B81A357}.Debug|Any CPU.Build.0 = Debug|Any CPU
		{1F322BF8-CB65-4447-9313-C15F9B81A357}.Release|Any CPU.ActiveCfg = Release|Any CPU
		{1F322BF8-CB65-4447-9313-C15F9B81A357}.Release|Any CPU.Build.0 = Release|Any CPU
		{2E1C7AE5-3FA8-49BC-9BFC-83BEF7B27699}.Debug|Any CPU.ActiveCfg = Debug|Any CPU
		{2E1C7AE5-3FA8-49BC-9BFC-83BEF7B27699}.Debug|Any CPU.Build.0 = Debug|Any CPU
		{2E1C7AE5-3FA8-49BC-9BFC-83BEF7B27699}.Release|Any CPU.ActiveCfg = Release|Any CPU
		{2E1C7AE5-3FA8-49BC-9BFC-83BEF7B27699}.Release|Any CPU.Build.0 = Release|Any CPU
	EndGlobalSection
	GlobalSection(SolutionProperties) = preSolution
		HideSolutionNode = FALSE
	EndGlobalSection
	GlobalSection(ExtensibilityGlobals) = postSolution
		SolutionGuid = {6DF12668-A5EA-4951-9035-445F303C06AD}
	EndGlobalSection
EndGlobal
